
Microsoft Visual Studio Solution File, Format Version 12.00
# Visual Studio Version 16
VisualStudioVersion = 16.0.31624.102
MinimumVisualStudioVersion = 10.0.40219.1
Project("{FAE04EC0-301F-11D3-BF4B-00C04F79EFBC}") = "Ex05", "Ex05\Ex05.csproj", "{5D71FA86-BF77-457B-A68D-724A2F23FAF5}"
EndProject
Global
	GlobalSection(SolutionConfigurationPlatforms) = preSolution
		Debug|Any CPU = Debug|Any CPU
		Release|Any CPU = Release|Any CPU
	EndGlobalSection
	GlobalSection(ProjectConfigurationPlatforms) = postSolution
		{5D71FA86-BF77-457B-A68D-724A2F23FAF5}.Debug|Any CPU.ActiveCfg = Debug|Any CPU
		{5D71FA86-BF77-457B-A68D-724A2F23FAF5}.Debug|Any CPU.Build.0 = Debug|Any CPU
		{5D71FA86-BF77-457B-A68D-724A2F23FAF5}.Release|Any CPU.ActiveCfg = Release|Any CPU
		{5D71FA86-BF77-457B-A68D-724A2F23FAF5}.Release|Any CPU.Build.0 = Release|Any CPU
	EndGlobalSection
	GlobalSection(SolutionProperties) = preSolution
		HideSolutionNode = FALSE
	EndGlobalSection
	GlobalSection(ExtensibilityGlobals) = postSolution
		SolutionGuid = {B916160F-1398-455B-811F-A290FBFA82BE}
	EndGlobalSection
EndGlobal
