
Microsoft Visual Studio Solution File, Format Version 12.00
# Visual Studio Version 16
VisualStudioVersion = 16.0.31624.102
MinimumVisualStudioVersion = 10.0.40219.1
Project("{FAE04EC0-301F-11D3-BF4B-00C04F79EFBC}") = "Ex08", "Ex08\Ex08.csproj", "{4A4886CD-022B-4233-BD67-B4C783743078}"
EndProject
Global
	GlobalSection(SolutionConfigurationPlatforms) = preSolution
		Debug|Any CPU = Debug|Any CPU
		Release|Any CPU = Release|Any CPU
	EndGlobalSection
	GlobalSection(ProjectConfigurationPlatforms) = postSolution
		{4A4886CD-022B-4233-BD67-B4C783743078}.Debug|Any CPU.ActiveCfg = Debug|Any CPU
		{4A4886CD-022B-4233-BD67-B4C783743078}.Debug|Any CPU.Build.0 = Debug|Any CPU
		{4A4886CD-022B-4233-BD67-B4C783743078}.Release|Any CPU.ActiveCfg = Release|Any CPU
		{4A4886CD-022B-4233-BD67-B4C783743078}.Release|Any CPU.Build.0 = Release|Any CPU
	EndGlobalSection
	GlobalSection(SolutionProperties) = preSolution
		HideSolutionNode = FALSE
	EndGlobalSection
	GlobalSection(ExtensibilityGlobals) = postSolution
		SolutionGuid = {45B55BE3-396F-4D46-B3FD-921792819A08}
	EndGlobalSection
EndGlobal
